
Microsoft Visual Studio Solution File, Format Version 12.00
# Visual Studio 2013
VisualStudioVersion = 12.0.31101.0
MinimumVisualStudioVersion = 10.0.40219.1
Project("{FAE04EC0-301F-11D3-BF4B-00C04F79EFBC}") = "03.Enigmanation", "03.Enigmanation\03.Enigmanation.csproj", "{CDEE789C-75AD-4BC5-98FC-EDD51B20B6C2}"
EndProject
Project("{FAE04EC0-301F-11D3-BF4B-00C04F79EFBC}") = "03.EnigmanationMine", "03.EnigmanationMine\03.EnigmanationMine.csproj", "{F37497BB-4A75-419A-9341-338C2EE631E2}"
EndProject
Project("{FAE04EC0-301F-11D3-BF4B-00C04F79EFBC}") = "01.2-4-8", "01.2-4-8\01.2-4-8.csproj", "{6E7A0304-647A-462F-9305-1AB14EF525B7}"
EndProject
Project("{FAE04EC0-301F-11D3-BF4B-00C04F79EFBC}") = "02.NightmareOnCodeStreet", "02.NightmareOnCodeStreet\02.NightmareOnCodeStreet.csproj", "{C0D67F4E-AB32-48FC-8894-723E88D10DE9}"
EndProject
Project("{FAE04EC0-301F-11D3-BF4B-00C04F79EFBC}") = "04.KaspichaniaBoats", "04.KaspichaniaBoats\04.KaspichaniaBoats.csproj", "{28F8E4E1-7AB8-4BEC-BF6E-404435678193}"
EndProject
Global
	GlobalSection(SolutionConfigurationPlatforms) = preSolution
		Debug|Any CPU = Debug|Any CPU
		Release|Any CPU = Release|Any CPU
	EndGlobalSection
	GlobalSection(ProjectConfigurationPlatforms) = postSolution
		{CDEE789C-75AD-4BC5-98FC-EDD51B20B6C2}.Debug|Any CPU.ActiveCfg = Debug|Any CPU
		{CDEE789C-75AD-4BC5-98FC-EDD51B20B6C2}.Debug|Any CPU.Build.0 = Debug|Any CPU
		{CDEE789C-75AD-4BC5-98FC-EDD51B20B6C2}.Release|Any CPU.ActiveCfg = Release|Any CPU
		{CDEE789C-75AD-4BC5-98FC-EDD51B20B6C2}.Release|Any CPU.Build.0 = Release|Any CPU
		{F37497BB-4A75-419A-9341-338C2EE631E2}.Debug|Any CPU.ActiveCfg = Debug|Any CPU
		{F37497BB-4A75-419A-9341-338C2EE631E2}.Debug|Any CPU.Build.0 = Debug|Any CPU
		{F37497BB-4A75-419A-9341-338C2EE631E2}.Release|Any CPU.ActiveCfg = Release|Any CPU
		{F37497BB-4A75-419A-9341-338C2EE631E2}.Release|Any CPU.Build.0 = Release|Any CPU
		{6E7A0304-647A-462F-9305-1AB14EF525B7}.Debug|Any CPU.ActiveCfg = Debug|Any CPU
		{6E7A0304-647A-462F-9305-1AB14EF525B7}.Debug|Any CPU.Build.0 = Debug|Any CPU
		{6E7A0304-647A-462F-9305-1AB14EF525B7}.Release|Any CPU.ActiveCfg = Release|Any CPU
		{6E7A0304-647A-462F-9305-1AB14EF525B7}.Release|Any CPU.Build.0 = Release|Any CPU
		{C0D67F4E-AB32-48FC-8894-723E88D10DE9}.Debug|Any CPU.ActiveCfg = Debug|Any CPU
		{C0D67F4E-AB32-48FC-8894-723E88D10DE9}.Debug|Any CPU.Build.0 = Debug|Any CPU
		{C0D67F4E-AB32-48FC-8894-723E88D10DE9}.Release|Any CPU.ActiveCfg = Release|Any CPU
		{C0D67F4E-AB32-48FC-8894-723E88D10DE9}.Release|Any CPU.Build.0 = Release|Any CPU
		{28F8E4E1-7AB8-4BEC-BF6E-404435678193}.Debug|Any CPU.ActiveCfg = Debug|Any CPU
		{28F8E4E1-7AB8-4BEC-BF6E-404435678193}.Debug|Any CPU.Build.0 = Debug|Any CPU
		{28F8E4E1-7AB8-4BEC-BF6E-404435678193}.Release|Any CPU.ActiveCfg = Release|Any CPU
		{28F8E4E1-7AB8-4BEC-BF6E-404435678193}.Release|Any CPU.Build.0 = Release|Any CPU
	EndGlobalSection
	GlobalSection(SolutionProperties) = preSolution
		HideSolutionNode = FALSE
	EndGlobalSection
EndGlobal
